
Microsoft Visual Studio Solution File, Format Version 12.00
# Visual Studio Version 17
VisualStudioVersion = 17.14.36301.6
MinimumVisualStudioVersion = 10.0.40219.1
Project("{2150E333-8FDC-42A3-9474-1A3956D46DE8}") = "src", "src", "{827E0CD3-B72D-47B6-A68D-7590B98EB39B}"
EndProject
Project("{FAE04EC0-301F-11D3-BF4B-00C04F79EFBC}") = "Qlarissa.Application", "src\Qlarissa.Application\Qlarissa.Application.csproj", "{D5012174-B59D-4D0D-A3C2-D75AAEBE1024}"
EndProject
Project("{FAE04EC0-301F-11D3-BF4B-00C04F79EFBC}") = "Qlarissa.Domain", "src\Qlarissa.Domain\Qlarissa.Domain.csproj", "{4989051B-8047-41E5-B392-FD66541C0EC1}"
EndProject
Project("{FAE04EC0-301F-11D3-BF4B-00C04F79EFBC}") = "Qlarissa.Infrastructure", "src\Qlarissa.Infrastructure\Qlarissa.Infrastructure.csproj", "{13E2CA6F-85B6-4AC1-9F87-E76981FDB341}"
EndProject
Project("{2150E333-8FDC-42A3-9474-1A3956D46DE8}") = "tests", "tests", "{0AB3BF05-4346-4AA6-1389-037BE0695223}"
EndProject
Project("{FAE04EC0-301F-11D3-BF4B-00C04F79EFBC}") = "Qlarissa.WebAPI", "src\Qlarissa.WebAPI\Qlarissa.WebAPI.csproj", "{B73EBA52-E7D3-41EE-AD00-F71279375589}"
EndProject
Project("{FAE04EC0-301F-11D3-BF4B-00C04F79EFBC}") = "Qlarissa.Application.Tests", "tests\Qlarissa.Application.Tests\Qlarissa.Application.Tests.csproj", "{BC595B64-BF36-2546-E9AF-EE94D3BACE6D}"
EndProject
Project("{FAE04EC0-301F-11D3-BF4B-00C04F79EFBC}") = "Qlarissa.Domain.Tests", "tests\Qlarissa.Domain.Tests\Qlarissa.Domain.Tests.csproj", "{422F4D93-8526-E4E8-1958-59A70B90F996}"
EndProject
Project("{FAE04EC0-301F-11D3-BF4B-00C04F79EFBC}") = "Qlarissa.Infrastructure.Tests", "tests\Qlarissa.Infrastructure.Tests\Qlarissa.Infrastructure.Tests.csproj", "{BEEFCB0E-904E-DAF2-1460-40CC0BFDF0A2}"
EndProject
Project("{FAE04EC0-301F-11D3-BF4B-00C04F79EFBC}") = "Qlarissa.WebAPI.Tests", "tests\Qlarissa.WebAPI.Tests\Qlarissa.WebAPI.Tests.csproj", "{21655E5F-907B-8133-CEB9-26519FE342BB}"
EndProject
Global
	GlobalSection(SolutionConfigurationPlatforms) = preSolution
		Debug|Any CPU = Debug|Any CPU
		Debug|x64 = Debug|x64
		Debug|x86 = Debug|x86
		Release|Any CPU = Release|Any CPU
		Release|x64 = Release|x64
		Release|x86 = Release|x86
	EndGlobalSection
	GlobalSection(ProjectConfigurationPlatforms) = postSolution
		{D5012174-B59D-4D0D-A3C2-D75AAEBE1024}.Debug|Any CPU.ActiveCfg = Debug|Any CPU
		{D5012174-B59D-4D0D-A3C2-D75AAEBE1024}.Debug|Any CPU.Build.0 = Debug|Any CPU
		{D5012174-B59D-4D0D-A3C2-D75AAEBE1024}.Debug|x64.ActiveCfg = Debug|Any CPU
		{D5012174-B59D-4D0D-A3C2-D75AAEBE1024}.Debug|x64.Build.0 = Debug|Any CPU
		{D5012174-B59D-4D0D-A3C2-D75AAEBE1024}.Debug|x86.ActiveCfg = Debug|Any CPU
		{D5012174-B59D-4D0D-A3C2-D75AAEBE1024}.Debug|x86.Build.0 = Debug|Any CPU
		{D5012174-B59D-4D0D-A3C2-D75AAEBE1024}.Release|Any CPU.ActiveCfg = Release|Any CPU
		{D5012174-B59D-4D0D-A3C2-D75AAEBE1024}.Release|Any CPU.Build.0 = Release|Any CPU
		{D5012174-B59D-4D0D-A3C2-D75AAEBE1024}.Release|x64.ActiveCfg = Release|Any CPU
		{D5012174-B59D-4D0D-A3C2-D75AAEBE1024}.Release|x64.Build.0 = Release|Any CPU
		{D5012174-B59D-4D0D-A3C2-D75AAEBE1024}.Release|x86.ActiveCfg = Release|Any CPU
		{D5012174-B59D-4D0D-A3C2-D75AAEBE1024}.Release|x86.Build.0 = Release|Any CPU
		{4989051B-8047-41E5-B392-FD66541C0EC1}.Debug|Any CPU.ActiveCfg = Debug|Any CPU
		{4989051B-8047-41E5-B392-FD66541C0EC1}.Debug|Any CPU.Build.0 = Debug|Any CPU
		{4989051B-8047-41E5-B392-FD66541C0EC1}.Debug|x64.ActiveCfg = Debug|Any CPU
		{4989051B-8047-41E5-B392-FD66541C0EC1}.Debug|x64.Build.0 = Debug|Any CPU
		{4989051B-8047-41E5-B392-FD66541C0EC1}.Debug|x86.ActiveCfg = Debug|Any CPU
		{4989051B-8047-41E5-B392-FD66541C0EC1}.Debug|x86.Build.0 = Debug|Any CPU
		{4989051B-8047-41E5-B392-FD66541C0EC1}.Release|Any CPU.ActiveCfg = Release|Any CPU
		{4989051B-8047-41E5-B392-FD66541C0EC1}.Release|Any CPU.Build.0 = Release|Any CPU
		{4989051B-8047-41E5-B392-FD66541C0EC1}.Release|x64.ActiveCfg = Release|Any CPU
		{4989051B-8047-41E5-B392-FD66541C0EC1}.Release|x64.Build.0 = Release|Any CPU
		{4989051B-8047-41E5-B392-FD66541C0EC1}.Release|x86.ActiveCfg = Release|Any CPU
		{4989051B-8047-41E5-B392-FD66541C0EC1}.Release|x86.Build.0 = Release|Any CPU
		{13E2CA6F-85B6-4AC1-9F87-E76981FDB341}.Debug|Any CPU.ActiveCfg = Debug|Any CPU
		{13E2CA6F-85B6-4AC1-9F87-E76981FDB341}.Debug|Any CPU.Build.0 = Debug|Any CPU
		{13E2CA6F-85B6-4AC1-9F87-E76981FDB341}.Debug|x64.ActiveCfg = Debug|Any CPU
		{13E2CA6F-85B6-4AC1-9F87-E76981FDB341}.Debug|x64.Build.0 = Debug|Any CPU
		{13E2CA6F-85B6-4AC1-9F87-E76981FDB341}.Debug|x86.ActiveCfg = Debug|Any CPU
		{13E2CA6F-85B6-4AC1-9F87-E76981FDB341}.Debug|x86.Build.0 = Debug|Any CPU
		{13E2CA6F-85B6-4AC1-9F87-E76981FDB341}.Release|Any CPU.ActiveCfg = Release|Any CPU
		{13E2CA6F-85B6-4AC1-9F87-E76981FDB341}.Release|Any CPU.Build.0 = Release|Any CPU
		{13E2CA6F-85B6-4AC1-9F87-E76981FDB341}.Release|x64.ActiveCfg = Release|Any CPU
		{13E2CA6F-85B6-4AC1-9F87-E76981FDB341}.Release|x64.Build.0 = Release|Any CPU
		{13E2CA6F-85B6-4AC1-9F87-E76981FDB341}.Release|x86.ActiveCfg = Release|Any CPU
		{13E2CA6F-85B6-4AC1-9F87-E76981FDB341}.Release|x86.Build.0 = Release|Any CPU
		{B73EBA52-E7D3-41EE-AD00-F71279375589}.Debug|Any CPU.ActiveCfg = Debug|Any CPU
		{B73EBA52-E7D3-41EE-AD00-F71279375589}.Debug|Any CPU.Build.0 = Debug|Any CPU
		{B73EBA52-E7D3-41EE-AD00-F71279375589}.Debug|x64.ActiveCfg = Debug|Any CPU
		{B73EBA52-E7D3-41EE-AD00-F71279375589}.Debug|x64.Build.0 = Debug|Any CPU
		{B73EBA52-E7D3-41EE-AD00-F71279375589}.Debug|x86.ActiveCfg = Debug|Any CPU
		{B73EBA52-E7D3-41EE-AD00-F71279375589}.Debug|x86.Build.0 = Debug|Any CPU
		{B73EBA52-E7D3-41EE-AD00-F71279375589}.Release|Any CPU.ActiveCfg = Release|Any CPU
		{B73EBA52-E7D3-41EE-AD00-F71279375589}.Release|Any CPU.Build.0 = Release|Any CPU
		{B73EBA52-E7D3-41EE-AD00-F71279375589}.Release|x64.ActiveCfg = Release|Any CPU
		{B73EBA52-E7D3-41EE-AD00-F71279375589}.Release|x64.Build.0 = Release|Any CPU
		{B73EBA52-E7D3-41EE-AD00-F71279375589}.Release|x86.ActiveCfg = Release|Any CPU
		{B73EBA52-E7D3-41EE-AD00-F71279375589}.Release|x86.Build.0 = Release|Any CPU
		{BC595B64-BF36-2546-E9AF-EE94D3BACE6D}.Debug|Any CPU.ActiveCfg = Debug|Any CPU
		{BC595B64-BF36-2546-E9AF-EE94D3BACE6D}.Debug|Any CPU.Build.0 = Debug|Any CPU
		{BC595B64-BF36-2546-E9AF-EE94D3BACE6D}.Debug|x64.ActiveCfg = Debug|Any CPU
		{BC595B64-BF36-2546-E9AF-EE94D3BACE6D}.Debug|x64.Build.0 = Debug|Any CPU
		{BC595B64-BF36-2546-E9AF-EE94D3BACE6D}.Debug|x86.ActiveCfg = Debug|Any CPU
		{BC595B64-BF36-2546-E9AF-EE94D3BACE6D}.Debug|x86.Build.0 = Debug|Any CPU
		{BC595B64-BF36-2546-E9AF-EE94D3BACE6D}.Release|Any CPU.ActiveCfg = Release|Any CPU
		{BC595B64-BF36-2546-E9AF-EE94D3BACE6D}.Release|Any CPU.Build.0 = Release|Any CPU
		{BC595B64-BF36-2546-E9AF-EE94D3BACE6D}.Release|x64.ActiveCfg = Release|Any CPU
		{BC595B64-BF36-2546-E9AF-EE94D3BACE6D}.Release|x64.Build.0 = Release|Any CPU
		{BC595B64-BF36-2546-E9AF-EE94D3BACE6D}.Release|x86.ActiveCfg = Release|Any CPU
		{BC595B64-BF36-2546-E9AF-EE94D3BACE6D}.Release|x86.Build.0 = Release|Any CPU
		{422F4D93-8526-E4E8-1958-59A70B90F996}.Debug|Any CPU.ActiveCfg = Debug|Any CPU
		{422F4D93-8526-E4E8-1958-59A70B90F996}.Debug|Any CPU.Build.0 = Debug|Any CPU
		{422F4D93-8526-E4E8-1958-59A70B90F996}.Debug|x64.ActiveCfg = Debug|Any CPU
		{422F4D93-8526-E4E8-1958-59A70B90F996}.Debug|x64.Build.0 = Debug|Any CPU
		{422F4D93-8526-E4E8-1958-59A70B90F996}.Debug|x86.ActiveCfg = Debug|Any CPU
		{422F4D93-8526-E4E8-1958-59A70B90F996}.Debug|x86.Build.0 = Debug|Any CPU
		{422F4D93-8526-E4E8-1958-59A70B90F996}.Release|Any CPU.ActiveCfg = Release|Any CPU
		{422F4D93-8526-E4E8-1958-59A70B90F996}.Release|Any CPU.Build.0 = Release|Any CPU
		{422F4D93-8526-E4E8-1958-59A70B90F996}.Release|x64.ActiveCfg = Release|Any CPU
		{422F4D93-8526-E4E8-1958-59A70B90F996}.Release|x64.Build.0 = Release|Any CPU
		{422F4D93-8526-E4E8-1958-59A70B90F996}.Release|x86.ActiveCfg = Release|Any CPU
		{422F4D93-8526-E4E8-1958-59A70B90F996}.Release|x86.Build.0 = Release|Any CPU
		{BEEFCB0E-904E-DAF2-1460-40CC0BFDF0A2}.Debug|Any CPU.ActiveCfg = Debug|Any CPU
		{BEEFCB0E-904E-DAF2-1460-40CC0BFDF0A2}.Debug|Any CPU.Build.0 = Debug|Any CPU
		{BEEFCB0E-904E-DAF2-1460-40CC0BFDF0A2}.Debug|x64.ActiveCfg = Debug|Any CPU
		{BEEFCB0E-904E-DAF2-1460-40CC0BFDF0A2}.Debug|x64.Build.0 = Debug|Any CPU
		{BEEFCB0E-904E-DAF2-1460-40CC0BFDF0A2}.Debug|x86.ActiveCfg = Debug|Any CPU
		{BEEFCB0E-904E-DAF2-1460-40CC0BFDF0A2}.Debug|x86.Build.0 = Debug|Any CPU
		{BEEFCB0E-904E-DAF2-1460-40CC0BFDF0A2}.Release|Any CPU.ActiveCfg = Release|Any CPU
		{BEEFCB0E-904E-DAF2-1460-40CC0BFDF0A2}.Release|Any CPU.Build.0 = Release|Any CPU
		{BEEFCB0E-904E-DAF2-1460-40CC0BFDF0A2}.Release|x64.ActiveCfg = Release|Any CPU
		{BEEFCB0E-904E-DAF2-1460-40CC0BFDF0A2}.Release|x64.Build.0 = Release|Any CPU
		{BEEFCB0E-904E-DAF2-1460-40CC0BFDF0A2}.Release|x86.ActiveCfg = Release|Any CPU
		{BEEFCB0E-904E-DAF2-1460-40CC0BFDF0A2}.Release|x86.Build.0 = Release|Any CPU
		{21655E5F-907B-8133-CEB9-26519FE342BB}.Debug|Any CPU.ActiveCfg = Debug|Any CPU
		{21655E5F-907B-8133-CEB9-26519FE342BB}.Debug|Any CPU.Build.0 = Debug|Any CPU
		{21655E5F-907B-8133-CEB9-26519FE342BB}.Debug|x64.ActiveCfg = Debug|Any CPU
		{21655E5F-907B-8133-CEB9-26519FE342BB}.Debug|x64.Build.0 = Debug|Any CPU
		{21655E5F-907B-8133-CEB9-26519FE342BB}.Debug|x86.ActiveCfg = Debug|Any CPU
		{21655E5F-907B-8133-CEB9-26519FE342BB}.Debug|x86.Build.0 = Debug|Any CPU
		{21655E5F-907B-8133-CEB9-26519FE342BB}.Release|Any CPU.ActiveCfg = Release|Any CPU
		{21655E5F-907B-8133-CEB9-26519FE342BB}.Release|Any CPU.Build.0 = Release|Any CPU
		{21655E5F-907B-8133-CEB9-26519FE342BB}.Release|x64.ActiveCfg = Release|Any CPU
		{21655E5F-907B-8133-CEB9-26519FE342BB}.Release|x64.Build.0 = Release|Any CPU
		{21655E5F-907B-8133-CEB9-26519FE342BB}.Release|x86.ActiveCfg = Release|Any CPU
		{21655E5F-907B-8133-CEB9-26519FE342BB}.Release|x86.Build.0 = Release|Any CPU
	EndGlobalSection
	GlobalSection(SolutionProperties) = preSolution
		HideSolutionNode = FALSE
	EndGlobalSection
	GlobalSection(NestedProjects) = preSolution
		{D5012174-B59D-4D0D-A3C2-D75AAEBE1024} = {827E0CD3-B72D-47B6-A68D-7590B98EB39B}
		{4989051B-8047-41E5-B392-FD66541C0EC1} = {827E0CD3-B72D-47B6-A68D-7590B98EB39B}
		{13E2CA6F-85B6-4AC1-9F87-E76981FDB341} = {827E0CD3-B72D-47B6-A68D-7590B98EB39B}
		{B73EBA52-E7D3-41EE-AD00-F71279375589} = {827E0CD3-B72D-47B6-A68D-7590B98EB39B}
		{BC595B64-BF36-2546-E9AF-EE94D3BACE6D} = {0AB3BF05-4346-4AA6-1389-037BE0695223}
		{422F4D93-8526-E4E8-1958-59A70B90F996} = {0AB3BF05-4346-4AA6-1389-037BE0695223}
		{BEEFCB0E-904E-DAF2-1460-40CC0BFDF0A2} = {0AB3BF05-4346-4AA6-1389-037BE0695223}
		{21655E5F-907B-8133-CEB9-26519FE342BB} = {0AB3BF05-4346-4AA6-1389-037BE0695223}
	EndGlobalSection
	GlobalSection(ExtensibilityGlobals) = postSolution
		SolutionGuid = {1ADBF578-257C-438D-922C-EF9EEAF4F427}
	EndGlobalSection
EndGlobal
